{
  "name": "durafoundry",
  "version": "0.0.0",
  "lockfileVersion": 3,
  "requires": true,
  "packages": {
    "": {
      "name": "durafoundry",
      "version": "0.0.0",
      "workspaces": [
        "packages/*"
      ],
      "devDependencies": {
        "typescript": "^5.9.3"
      }
    },
    "node_modules/@durafoundry/domain": {
      "resolved": "packages/domain",
      "link": true
    },
    "node_modules/typescript": {
      "version": "5.9.3",
      "resolved": "https://registry.npmjs.org/typescript/-/typescript-5.9.3.tgz",
      "integrity": "sha512-jl1vZzPDinLr9eUt3J/t7V6FgNEw9QjvBPdysz9KfQDD41fQrC2Y4vKQdiaUpFT4bXlb1RHhLpp8wtm6M5TgSw==",
      "devOptional": true,
      "license": "Apache-2.0",
      "peer": true,
      "bin": {
        "tsc": "bin/tsc",
        "tsserver": "bin/tsserver"
      },
      "engines": {
        "node": ">=14.17"
      }
    },
    "node_modules/valibot": {
      "version": "1.3.1",
      "resolved": "https://registry.npmjs.org/valibot/-/valibot-1.3.1.tgz",
      "integrity": "sha512-sfdRir/QFM0JaF22hqTroPc5xy4DimuGQVKFrzF1YfGwaS1nJot3Y8VqMdLO2Lg27fMzat2yD3pY5PbAYO39Gg==",
      "license": "MIT",
      "peerDependencies": {
        "typescript": ">=5"
      },
      "peerDependenciesMeta": {
        "typescript": {
          "optional": true
        }
      }
    },
    "packages/domain": {
      "name": "@durafoundry/domain",
      "version": "0.0.0",
      "dependencies": {
        "valibot": "^1.1.0"
      }
    }
  }
}
